// !$*UTF8*$!
{
	archiveVersion = 1;
	classes = {
	};
	objectVersion = 46;
	objects = {

/* Begin PBXBuildFile section */
		210403E41ECAB486002F3D46 /* AppDelegate.swift in Sources */ = {isa = PBXBuildFile; fileRef = 210403E31ECAB486002F3D46 /* AppDelegate.swift */; };
		210403E61ECAB486002F3D46 /* FirstViewController.swift in Sources */ = {isa = PBXBuildFile; fileRef = 210403E51ECAB486002F3D46 /* FirstViewController.swift */; };
		210403E81ECAB486002F3D46 /* SecondViewController.swift in Sources */ = {isa = PBXBuildFile; fileRef = 210403E71ECAB486002F3D46 /* SecondViewController.swift */; };
		210403EB1ECAB486002F3D46 /* Main.storyboard in Resources */ = {isa = PBXBuildFile; fileRef = 210403E91ECAB486002F3D46 /* Main.storyboard */; };
		210403ED1ECAB486002F3D46 /* Assets.xcassets in Resources */ = {isa = PBXBuildFile; fileRef = 210403EC1ECAB486002F3D46 /* Assets.xcassets */; };
		210403F01ECAB486002F3D46 /* LaunchScreen.storyboard in Resources */ = {isa = PBXBuildFile; fileRef = 210403EE1ECAB486002F3D46 /* LaunchScreen.storyboard */; };
		210403F81ECAB4E7002F3D46 /* Auth.storyboard in Resources */ = {isa = PBXBuildFile; fileRef = 210403F71ECAB4E7002F3D46 /* Auth.storyboard */; };
		210403FB1ECAB576002F3D46 /* LoginViewController.swift in Sources */ = {isa = PBXBuildFile; fileRef = 210403FA1ECAB576002F3D46 /* LoginViewController.swift */; };
		210403FD1ECADA15002F3D46 /* InfoViewController.swift in Sources */ = {isa = PBXBuildFile; fileRef = 210403FC1ECADA15002F3D46 /* InfoViewController.swift */; };
		211829431ECBEACB0025589F /* CalendarController.swift in Sources */ = {isa = PBXBuildFile; fileRef = 211829411ECBEACB0025589F /* CalendarController.swift */; };
		211829441ECBEACB0025589F /* CustomeCell.swift in Sources */ = {isa = PBXBuildFile; fileRef = 211829421ECBEACB0025589F /* CustomeCell.swift */; };
		780458B982D73950041F5CEE /* Pods_LineUP.framework in Frameworks */ = {isa = PBXBuildFile; fileRef = BBDD3BF10DA513AD85A9FE89 /* Pods_LineUP.framework */; };
		CE1927861ECB0FFA0091525B /* RequestLeaveViewController.swift in Sources */ = {isa = PBXBuildFile; fileRef = CE1927851ECB0FFA0091525B /* RequestLeaveViewController.swift */; };
		CE1927881ECB10D50091525B /* TypesOfLeavesViewController.swift in Sources */ = {isa = PBXBuildFile; fileRef = CE1927871ECB10D50091525B /* TypesOfLeavesViewController.swift */; };
		CE1927901ECBFDDD0091525B /* CameraViewController.swift in Sources */ = {isa = PBXBuildFile; fileRef = CE19278F1ECBFDDD0091525B /* CameraViewController.swift */; };
		CE1927971ECBFE490091525B /* VNCameraScanner.swift in Sources */ = {isa = PBXBuildFile; fileRef = CE1927951ECBFE490091525B /* VNCameraScanner.swift */; };
		CE1927981ECBFE490091525B /* VNCameraScanner.xib in Resources */ = {isa = PBXBuildFile; fileRef = CE1927961ECBFE490091525B /* VNCameraScanner.xib */; };
/* End PBXBuildFile section */

/* Begin PBXFileReference section */
		210403E01ECAB486002F3D46 /* LineUP.app */ = {isa = PBXFileReference; explicitFileType = wrapper.application; includeInIndex = 0; path = LineUP.app; sourceTree = BUILT_PRODUCTS_DIR; };
		210403E31ECAB486002F3D46 /* AppDelegate.swift */ = {isa = PBXFileReference; lastKnownFileType = sourcecode.swift; path = AppDelegate.swift; sourceTree = "<group>"; };
		210403E51ECAB486002F3D46 /* FirstViewController.swift */ = {isa = PBXFileReference; lastKnownFileType = sourcecode.swift; path = FirstViewController.swift; sourceTree = "<group>"; };
		210403E71ECAB486002F3D46 /* SecondViewController.swift */ = {isa = PBXFileReference; lastKnownFileType = sourcecode.swift; path = SecondViewController.swift; sourceTree = "<group>"; };
		210403EA1ECAB486002F3D46 /* Base */ = {isa = PBXFileReference; lastKnownFileType = file.storyboard; name = Base; path = Base.lproj/Main.storyboard; sourceTree = "<group>"; };
		210403EC1ECAB486002F3D46 /* Assets.xcassets */ = {isa = PBXFileReference; lastKnownFileType = folder.assetcatalog; path = Assets.xcassets; sourceTree = "<group>"; };
		210403EF1ECAB486002F3D46 /* Base */ = {isa = PBXFileReference; lastKnownFileType = file.storyboard; name = Base; path = Base.lproj/LaunchScreen.storyboard; sourceTree = "<group>"; };
		210403F11ECAB486002F3D46 /* Info.plist */ = {isa = PBXFileReference; lastKnownFileType = text.plist.xml; path = Info.plist; sourceTree = "<group>"; };
		210403F71ECAB4E7002F3D46 /* Auth.storyboard */ = {isa = PBXFileReference; fileEncoding = 4; lastKnownFileType = file.storyboard; path = Auth.storyboard; sourceTree = "<group>"; };
		210403FA1ECAB576002F3D46 /* LoginViewController.swift */ = {isa = PBXFileReference; fileEncoding = 4; lastKnownFileType = sourcecode.swift; path = LoginViewController.swift; sourceTree = "<group>"; };
		210403FC1ECADA15002F3D46 /* InfoViewController.swift */ = {isa = PBXFileReference; fileEncoding = 4; lastKnownFileType = sourcecode.swift; path = InfoViewController.swift; sourceTree = "<group>"; };
		211829411ECBEACB0025589F /* CalendarController.swift */ = {isa = PBXFileReference; fileEncoding = 4; lastKnownFileType = sourcecode.swift; path = CalendarController.swift; sourceTree = "<group>"; };
		211829421ECBEACB0025589F /* CustomeCell.swift */ = {isa = PBXFileReference; fileEncoding = 4; lastKnownFileType = sourcecode.swift; path = CustomeCell.swift; sourceTree = "<group>"; };
		BBDD3BF10DA513AD85A9FE89 /* Pods_LineUP.framework */ = {isa = PBXFileReference; explicitFileType = wrapper.framework; includeInIndex = 0; path = Pods_LineUP.framework; sourceTree = BUILT_PRODUCTS_DIR; };
		CE1927851ECB0FFA0091525B /* RequestLeaveViewController.swift */ = {isa = PBXFileReference; fileEncoding = 4; lastKnownFileType = sourcecode.swift; path = RequestLeaveViewController.swift; sourceTree = "<group>"; };
		CE1927871ECB10D50091525B /* TypesOfLeavesViewController.swift */ = {isa = PBXFileReference; fileEncoding = 4; lastKnownFileType = sourcecode.swift; path = TypesOfLeavesViewController.swift; sourceTree = "<group>"; };
		CE19278F1ECBFDDD0091525B /* CameraViewController.swift */ = {isa = PBXFileReference; fileEncoding = 4; lastKnownFileType = sourcecode.swift; path = CameraViewController.swift; sourceTree = "<group>"; };
		CE1927951ECBFE490091525B /* VNCameraScanner.swift */ = {isa = PBXFileReference; fileEncoding = 4; lastKnownFileType = sourcecode.swift; path = VNCameraScanner.swift; sourceTree = "<group>"; };
		CE1927961ECBFE490091525B /* VNCameraScanner.xib */ = {isa = PBXFileReference; fileEncoding = 4; lastKnownFileType = file.xib; path = VNCameraScanner.xib; sourceTree = "<group>"; };
		D9038DCC496ED29D2DA3FC01 /* Pods-LineUP.debug.xcconfig */ = {isa = PBXFileReference; includeInIndex = 1; lastKnownFileType = text.xcconfig; name = "Pods-LineUP.debug.xcconfig"; path = "Pods/Target Support Files/Pods-LineUP/Pods-LineUP.debug.xcconfig"; sourceTree = "<group>"; };
		DDC962995CB2245E97FF1C30 /* Pods-LineUP.release.xcconfig */ = {isa = PBXFileReference; includeInIndex = 1; lastKnownFileType = text.xcconfig; name = "Pods-LineUP.release.xcconfig"; path = "Pods/Target Support Files/Pods-LineUP/Pods-LineUP.release.xcconfig"; sourceTree = "<group>"; };
/* End PBXFileReference section */

/* Begin PBXFrameworksBuildPhase section */
		210403DD1ECAB486002F3D46 /* Frameworks */ = {
			isa = PBXFrameworksBuildPhase;
			buildActionMask = 2147483647;
			files = (
				780458B982D73950041F5CEE /* Pods_LineUP.framework in Frameworks */,
			);
			runOnlyForDeploymentPostprocessing = 0;
		};
/* End PBXFrameworksBuildPhase section */

/* Begin PBXGroup section */
		210403D71ECAB486002F3D46 = {
			isa = PBXGroup;
			children = (
				210403E21ECAB486002F3D46 /* LineUP */,
				210403E11ECAB486002F3D46 /* Products */,
				9C55CAF391242A3E9A62FA48 /* Pods */,
				E0EA839F2543AE69A402226E /* Frameworks */,
			);
			sourceTree = "<group>";
		};
		210403E11ECAB486002F3D46 /* Products */ = {
			isa = PBXGroup;
			children = (
				210403E01ECAB486002F3D46 /* LineUP.app */,
			);
			name = Products;
			sourceTree = "<group>";
		};
		210403E21ECAB486002F3D46 /* LineUP */ = {
			isa = PBXGroup;
			children = (
				210403E31ECAB486002F3D46 /* AppDelegate.swift */,
				210403E51ECAB486002F3D46 /* FirstViewController.swift */,
				210403E71ECAB486002F3D46 /* SecondViewController.swift */,
				211829451ECC3D580025589F /* Calendar */,
				210403E91ECAB486002F3D46 /* Main.storyboard */,
				CE1927961ECBFE490091525B /* VNCameraScanner.xib */,
				210403F91ECAB4F7002F3D46 /* Auth */,
				210403EC1ECAB486002F3D46 /* Assets.xcassets */,
				210403EE1ECAB486002F3D46 /* LaunchScreen.storyboard */,
				210403F11ECAB486002F3D46 /* Info.plist */,
			);
			path = LineUP;
			sourceTree = "<group>";
		};
		210403F91ECAB4F7002F3D46 /* Auth */ = {
			isa = PBXGroup;
			children = (
				210403F71ECAB4E7002F3D46 /* Auth.storyboard */,
				210403FC1ECADA15002F3D46 /* InfoViewController.swift */,
				210403FA1ECAB576002F3D46 /* LoginViewController.swift */,
			);
			name = Auth;
			sourceTree = "<group>";
		};
		211829451ECC3D580025589F /* Calendar */ = {
			isa = PBXGroup;
			children = (
				211829411ECBEACB0025589F /* CalendarController.swift */,
				CE1927851ECB0FFA0091525B /* RequestLeaveViewController.swift */,
				CE19278F1ECBFDDD0091525B /* CameraViewController.swift */,
				CE1927871ECB10D50091525B /* TypesOfLeavesViewController.swift */,
				CE1927951ECBFE490091525B /* VNCameraScanner.swift */,
				211829421ECBEACB0025589F /* CustomeCell.swift */,
			);
			name = Calendar;
			sourceTree = "<group>";
		};
		9C55CAF391242A3E9A62FA48 /* Pods */ = {
			isa = PBXGroup;
			children = (
				D9038DCC496ED29D2DA3FC01 /* Pods-LineUP.debug.xcconfig */,
				DDC962995CB2245E97FF1C30 /* Pods-LineUP.release.xcconfig */,
			);
			name = Pods;
			sourceTree = "<group>";
		};
		E0EA839F2543AE69A402226E /* Frameworks */ = {
			isa = PBXGroup;
			children = (
				BBDD3BF10DA513AD85A9FE89 /* Pods_LineUP.framework */,
			);
			name = Frameworks;
			sourceTree = "<group>";
		};
/* End PBXGroup section */

/* Begin PBXNativeTarget section */
		210403DF1ECAB486002F3D46 /* LineUP */ = {
			isa = PBXNativeTarget;
			buildConfigurationList = 210403F41ECAB486002F3D46 /* Build configuration list for PBXNativeTarget "LineUP" */;
			buildPhases = (
				3B46DF3104ECDE2CDDE19517 /* [CP] Check Pods Manifest.lock */,
				210403DC1ECAB486002F3D46 /* Sources */,
				210403DD1ECAB486002F3D46 /* Frameworks */,
				210403DE1ECAB486002F3D46 /* Resources */,
				D347A2B44488A21596064402 /* [CP] Embed Pods Frameworks */,
				9CEA7AAEDC8589E36D3D4FAA /* [CP] Copy Pods Resources */,
			);
			buildRules = (
			);
			dependencies = (
			);
			name = LineUP;
			productName = LineUP;
			productReference = 210403E01ECAB486002F3D46 /* LineUP.app */;
			productType = "com.apple.product-type.application";
		};
/* End PBXNativeTarget section */

/* Begin PBXProject section */
		210403D81ECAB486002F3D46 /* Project object */ = {
			isa = PBXProject;
			attributes = {
				LastSwiftUpdateCheck = 0830;
				LastUpgradeCheck = 0830;
				ORGANIZATIONNAME = ArchieApps;
				TargetAttributes = {
					210403DF1ECAB486002F3D46 = {
						CreatedOnToolsVersion = 8.3.2;
						DevelopmentTeam = V8T6EH88N4;
						ProvisioningStyle = Automatic;
					};
				};
			};
			buildConfigurationList = 210403DB1ECAB486002F3D46 /* Build configuration list for PBXProject "LineUP" */;
			compatibilityVersion = "Xcode 3.2";
			developmentRegion = English;
			hasScannedForEncodings = 0;
			knownRegions = (
				en,
				Base,
			);
			mainGroup = 210403D71ECAB486002F3D46;
			productRefGroup = 210403E11ECAB486002F3D46 /* Products */;
			projectDirPath = "";
			projectRoot = "";
			targets = (
				210403DF1ECAB486002F3D46 /* LineUP */,
			);
		};
/* End PBXProject section */

/* Begin PBXResourcesBuildPhase section */
		210403DE1ECAB486002F3D46 /* Resources */ = {
			isa = PBXResourcesBuildPhase;
			buildActionMask = 2147483647;
			files = (
				CE1927981ECBFE490091525B /* VNCameraScanner.xib in Resources */,
				210403F81ECAB4E7002F3D46 /* Auth.storyboard in Resources */,
				210403F01ECAB486002F3D46 /* LaunchScreen.storyboard in Resources */,
				210403ED1ECAB486002F3D46 /* Assets.xcassets in Resources */,
				210403EB1ECAB486002F3D46 /* Main.storyboard in Resources */,
			);
			runOnlyForDeploymentPostprocessing = 0;
		};
/* End PBXResourcesBuildPhase section */

/* Begin PBXShellScriptBuildPhase section */
		3B46DF3104ECDE2CDDE19517 /* [CP] Check Pods Manifest.lock */ = {
			isa = PBXShellScriptBuildPhase;
			buildActionMask = 2147483647;
			files = (
			);
			inputPaths = (
			);
			name = "[CP] Check Pods Manifest.lock";
			outputPaths = (
			);
			runOnlyForDeploymentPostprocessing = 0;
			shellPath = /bin/sh;
			shellScript = "diff \"${PODS_ROOT}/../Podfile.lock\" \"${PODS_ROOT}/Manifest.lock\" > /dev/null\nif [ $? != 0 ] ; then\n    # print error to STDERR\n    echo \"error: The sandbox is not in sync with the Podfile.lock. Run 'pod install' or update your CocoaPods installation.\" >&2\n    exit 1\nfi\n";
			showEnvVarsInLog = 0;
		};
		9CEA7AAEDC8589E36D3D4FAA /* [CP] Copy Pods Resources */ = {
			isa = PBXShellScriptBuildPhase;
			buildActionMask = 2147483647;
			files = (
			);
			inputPaths = (
			);
			name = "[CP] Copy Pods Resources";
			outputPaths = (
			);
			runOnlyForDeploymentPostprocessing = 0;
			shellPath = /bin/sh;
			shellScript = "\"${SRCROOT}/Pods/Target Support Files/Pods-LineUP/Pods-LineUP-resources.sh\"\n";
			showEnvVarsInLog = 0;
		};
		D347A2B44488A21596064402 /* [CP] Embed Pods Frameworks */ = {
			isa = PBXShellScriptBuildPhase;
			buildActionMask = 2147483647;
			files = (
			);
			inputPaths = (
			);
			name = "[CP] Embed Pods Frameworks";
			outputPaths = (
			);
			runOnlyForDeploymentPostprocessing = 0;
			shellPath = /bin/sh;
			shellScript = "\"${SRCROOT}/Pods/Target Support Files/Pods-LineUP/Pods-LineUP-frameworks.sh\"\n";
			showEnvVarsInLog = 0;
		};
/* End PBXShellScriptBuildPhase section */

/* Begin PBXSourcesBuildPhase section */
		210403DC1ECAB486002F3D46 /* Sources */ = {
			isa = PBXSourcesBuildPhase;
			buildActionMask = 2147483647;
			files = (
				CE1927901ECBFDDD0091525B /* CameraViewController.swift in Sources */,
				211829431ECBEACB0025589F /* CalendarController.swift in Sources */,
				210403FB1ECAB576002F3D46 /* LoginViewController.swift in Sources */,
				CE1927881ECB10D50091525B /* TypesOfLeavesViewController.swift in Sources */,
				210403E81ECAB486002F3D46 /* SecondViewController.swift in Sources */,
				210403E41ECAB486002F3D46 /* AppDelegate.swift in Sources */,
				210403E61ECAB486002F3D46 /* FirstViewController.swift in Sources */,
				CE1927861ECB0FFA0091525B /* RequestLeaveViewController.swift in Sources */,
				210403FD1ECADA15002F3D46 /* InfoViewController.swift in Sources */,
				211829441ECBEACB0025589F /* CustomeCell.swift in Sources */,
				CE1927971ECBFE490091525B /* VNCameraScanner.swift in Sources */,
			);
			runOnlyForDeploymentPostprocessing = 0;
		};
/* End PBXSourcesBuildPhase section */

/* Begin PBXVariantGroup section */
		210403E91ECAB486002F3D46 /* Main.storyboard */ = {
			isa = PBXVariantGroup;
			children = (
				210403EA1ECAB486002F3D46 /* Base */,
			);
			name = Main.storyboard;
			sourceTree = "<group>";
		};
		210403EE1ECAB486002F3D46 /* LaunchScreen.storyboard */ = {
			isa = PBXVariantGroup;
			children = (
				210403EF1ECAB486002F3D46 /* Base */,
			);
			name = LaunchScreen.storyboard;
			sourceTree = "<group>";
		};
/* End PBXVariantGroup section */

/* Begin XCBuildConfiguration section */
		210403F21ECAB486002F3D46 /* Debug */ = {
			isa = XCBuildConfiguration;
			buildSettings = {
				ALWAYS_SEARCH_USER_PATHS = NO;
				CLANG_ANALYZER_NONNULL = YES;
				CLANG_ANALYZER_NUMBER_OBJECT_CONVERSION = YES_AGGRESSIVE;
				CLANG_CXX_LANGUAGE_STANDARD = "gnu++0x";
				CLANG_CXX_LIBRARY = "libc++";
				CLANG_ENABLE_MODULES = YES;
				CLANG_ENABLE_OBJC_ARC = YES;
				CLANG_WARN_BOOL_CONVERSION = YES;
				CLANG_WARN_CONSTANT_CONVERSION = YES;
				CLANG_WARN_DIRECT_OBJC_ISA_USAGE = YES_ERROR;
				CLANG_WARN_DOCUMENTATION_COMMENTS = YES;
				CLANG_WARN_EMPTY_BODY = YES;
				CLANG_WARN_ENUM_CONVERSION = YES;
				CLANG_WARN_INFINITE_RECURSION = YES;
				CLANG_WARN_INT_CONVERSION = YES;
				CLANG_WARN_OBJC_ROOT_CLASS = YES_ERROR;
				CLANG_WARN_SUSPICIOUS_MOVE = YES;
				CLANG_WARN_UNREACHABLE_CODE = YES;
				CLANG_WARN__DUPLICATE_METHOD_MATCH = YES;
				"CODE_SIGN_IDENTITY[sdk=iphoneos*]" = "iPhone Developer";
				COPY_PHASE_STRIP = NO;
				DEBUG_INFORMATION_FORMAT = dwarf;
				ENABLE_STRICT_OBJC_MSGSEND = YES;
				ENABLE_TESTABILITY = YES;
				GCC_C_LANGUAGE_STANDARD = gnu99;
				GCC_DYNAMIC_NO_PIC = NO;
				GCC_NO_COMMON_BLOCKS = YES;
				GCC_OPTIMIZATION_LEVEL = 0;
				GCC_PREPROCESSOR_DEFINITIONS = (
					"DEBUG=1",
					"$(inherited)",
				);
				GCC_WARN_64_TO_32_BIT_CONVERSION = YES;
				GCC_WARN_ABOUT_RETURN_TYPE = YES_ERROR;
				GCC_WARN_UNDECLARED_SELECTOR = YES;
				GCC_WARN_UNINITIALIZED_AUTOS = YES_AGGRESSIVE;
				GCC_WARN_UNUSED_FUNCTION = YES;
				GCC_WARN_UNUSED_VARIABLE = YES;
				IPHONEOS_DEPLOYMENT_TARGET = 10.3;
				MTL_ENABLE_DEBUG_INFO = YES;
				ONLY_ACTIVE_ARCH = YES;
				SDKROOT = iphoneos;
				SWIFT_ACTIVE_COMPILATION_CONDITIONS = DEBUG;
				SWIFT_OPTIMIZATION_LEVEL = "-Onone";
				TARGETED_DEVICE_FAMILY = "1,2";
			};
			name = Debug;
		};
		210403F31ECAB486002F3D46 /* Release */ = {
			isa = XCBuildConfiguration;
			buildSettings = {
				ALWAYS_SEARCH_USER_PATHS = NO;
				CLANG_ANALYZER_NONNULL = YES;
				CLANG_ANALYZER_NUMBER_OBJECT_CONVERSION = YES_AGGRESSIVE;
				CLANG_CXX_LANGUAGE_STANDARD = "gnu++0x";
				CLANG_CXX_LIBRARY = "libc++";
				CLANG_ENABLE_MODULES = YES;
				CLANG_ENABLE_OBJC_ARC = YES;
				CLANG_WARN_BOOL_CONVERSION = YES;
				CLANG_WARN_CONSTANT_CONVERSION = YES;
				CLANG_WARN_DIRECT_OBJC_ISA_USAGE = YES_ERROR;
				CLANG_WARN_DOCUMENTATION_COMMENTS = YES;
				CLANG_WARN_EMPTY_BODY = YES;
				CLANG_WARN_ENUM_CONVERSION = YES;
				CLANG_WARN_INFINITE_RECURSION = YES;
				CLANG_WARN_INT_CONVERSION = YES;
				CLANG_WARN_OBJC_ROOT_CLASS = YES_ERROR;
				CLANG_WARN_SUSPICIOUS_MOVE = YES;
				CLANG_WARN_UNREACHABLE_CODE = YES;
				CLANG_WARN__DUPLICATE_METHOD_MATCH = YES;
				"CODE_SIGN_IDENTITY[sdk=iphoneos*]" = "iPhone Developer";
				COPY_PHASE_STRIP = NO;
				DEBUG_INFORMATION_FORMAT = "dwarf-with-dsym";
				ENABLE_NS_ASSERTIONS = NO;
				ENABLE_STRICT_OBJC_MSGSEND = YES;
				GCC_C_LANGUAGE_STANDARD = gnu99;
				GCC_NO_COMMON_BLOCKS = YES;
				GCC_WARN_64_TO_32_BIT_CONVERSION = YES;
				GCC_WARN_ABOUT_RETURN_TYPE = YES_ERROR;
				GCC_WARN_UNDECLARED_SELECTOR = YES;
				GCC_WARN_UNINITIALIZED_AUTOS = YES_AGGRESSIVE;
				GCC_WARN_UNUSED_FUNCTION = YES;
				GCC_WARN_UNUSED_VARIABLE = YES;
				IPHONEOS_DEPLOYMENT_TARGET = 10.3;
				MTL_ENABLE_DEBUG_INFO = NO;
				SDKROOT = iphoneos;
				SWIFT_OPTIMIZATION_LEVEL = "-Owholemodule";
				TARGETED_DEVICE_FAMILY = "1,2";
				VALIDATE_PRODUCT = YES;
			};
			name = Release;
		};
		210403F51ECAB486002F3D46 /* Debug */ = {
			isa = XCBuildConfiguration;
			baseConfigurationReference = D9038DCC496ED29D2DA3FC01 /* Pods-LineUP.debug.xcconfig */;
			buildSettings = {
				ASSETCATALOG_COMPILER_APPICON_NAME = AppIcon;
				DEVELOPMENT_TEAM = V8T6EH88N4;
				INFOPLIST_FILE = LineUP/Info.plist;
				IPHONEOS_DEPLOYMENT_TARGET = 10.2;
				LD_RUNPATH_SEARCH_PATHS = "$(inherited) @executable_path/Frameworks";
				PRODUCT_BUNDLE_IDENTIFIER = Archie.LineUP;
				PRODUCT_NAME = "$(TARGET_NAME)";
				SWIFT_VERSION = 3.0;
			};
			name = Debug;
		};
		210403F61ECAB486002F3D46 /* Release */ = {
			isa = XCBuildConfiguration;
			baseConfigurationReference = DDC962995CB2245E97FF1C30 /* Pods-LineUP.release.xcconfig */;
			buildSettings = {
				ASSETCATALOG_COMPILER_APPICON_NAME = AppIcon;
				DEVELOPMENT_TEAM = V8T6EH88N4;
				INFOPLIST_FILE = LineUP/Info.plist;
				IPHONEOS_DEPLOYMENT_TARGET = 10.2;
				LD_RUNPATH_SEARCH_PATHS = "$(inherited) @executable_path/Frameworks";
				PRODUCT_BUNDLE_IDENTIFIER = Archie.LineUP;
				PRODUCT_NAME = "$(TARGET_NAME)";
				SWIFT_VERSION = 3.0;
			};
			name = Release;
		};
/* End XCBuildConfiguration section */

/* Begin XCConfigurationList section */
		210403DB1ECAB486002F3D46 /* Build configuration list for PBXProject "LineUP" */ = {
			isa = XCConfigurationList;
			buildConfigurations = (
				210403F21ECAB486002F3D46 /* Debug */,
				210403F31ECAB486002F3D46 /* Release */,
			);
			defaultConfigurationIsVisible = 0;
			defaultConfigurationName = Release;
		};
		210403F41ECAB486002F3D46 /* Build configuration list for PBXNativeTarget "LineUP" */ = {
			isa = XCConfigurationList;
			buildConfigurations = (
				210403F51ECAB486002F3D46 /* Debug */,
				210403F61ECAB486002F3D46 /* Release */,
			);
			defaultConfigurationIsVisible = 0;
			defaultConfigurationName = Release;
		};
/* End XCConfigurationList section */
	};
	rootObject = 210403D81ECAB486002F3D46 /* Project object */;
}
